{
  "version": 4,
  "terraform_version": "0.12.29",
  "serial": 28,
  "lineage": "3dad40a2-0a75-7a34-b84e-be564dd40a55",
  "outputs": {
    "instance_ip_addr": {
      "value": "172.31.62.188",
      "type": "string"
    },
    "instance_public_ip": {
      "value": "34.224.3.92",
      "type": "string"
    }
  },
  "resources": [
    {
      "mode": "data",
      "type": "aws_caller_identity",
      "name": "current",
      "provider": "provider.aws",
      "instances": [
        {
          "schema_version": 0,
          "attributes": {
            "account_id": "680232662269",
            "arn": "arn:aws:iam::680232662269:user/Admin",
            "id": "2020-08-09 20:52:32.282621 +0000 UTC",
            "user_id": "AIDAZ4YIGWT6XHJCZ3COR"
          }
        }
      ]
    },
    {
      "mode": "managed",
      "type": "aws_iam_instance_profile",
      "name": "test_profile",
      "provider": "provider.aws",
      "instances": [
        {
          "schema_version": 0,
          "attributes": {
            "arn": "arn:aws:iam::680232662269:instance-profile/test_profile",
            "create_date": "2020-08-09T20:48:23Z",
            "id": "test_profile",
            "name": "test_profile",
            "name_prefix": null,
            "path": "/",
            "role": "test_role",
            "unique_id": "AIPAZ4YIGWT62ZUPAAJXW"
          },
          "private": "bnVsbA==",
          "dependencies": [
            "aws_iam_role.test_role"
          ]
        }
      ]
    },
    {
      "mode": "managed",
      "type": "aws_iam_policy",
      "name": "policy",
      "provider": "provider.aws",
      "instances": [
        {
          "schema_version": 0,
          "attributes": {
            "arn": "arn:aws:iam::680232662269:policy/test_policy",
            "description": "My test policy",
            "id": "arn:aws:iam::680232662269:policy/test_policy",
            "name": "test_policy",
            "name_prefix": null,
            "path": "/",
            "policy": "{\n  \"Version\": \"2012-10-17\",\n  \"Statement\": [\n    {\n      \"Action\": [\n        \"s3:*\"\n      ],\n      \"Effect\": \"Allow\",\n      \"Resource\": [\n          \"arn:aws:s3:::testing-bucket-artifact-680232662269-dev\",\n          \"arn:aws:s3:::testing-bucket-artifact-680232662269-dev/*\"\n      ]\n    }\n  ]\n}\n"
          },
          "private": "bnVsbA==",
          "dependencies": [
            "module.s3_bucket_for_utility.aws_s3_bucket.example"
          ]
        }
      ]
    },
    {
      "mode": "managed",
      "type": "aws_iam_role",
      "name": "test_role",
      "provider": "provider.aws",
      "instances": [
        {
          "schema_version": 0,
          "attributes": {
            "arn": "arn:aws:iam::680232662269:role/test_role",
            "assume_role_policy": "{\"Version\":\"2012-10-17\",\"Statement\":[{\"Sid\":\"\",\"Effect\":\"Allow\",\"Principal\":{\"Service\":\"ec2.amazonaws.com\"},\"Action\":\"sts:AssumeRole\"}]}",
            "create_date": "2020-08-09T20:43:50Z",
            "description": "",
            "force_detach_policies": false,
            "id": "test_role",
            "max_session_duration": 3600,
            "name": "test_role",
            "name_prefix": null,
            "path": "/",
            "permissions_boundary": null,
            "tags": {
              "tag-key": "tag-value"
            },
            "unique_id": "AROAZ4YIGWT6RGKQR4QAQ"
          },
          "private": "bnVsbA=="
        }
      ]
    },
    {
      "mode": "managed",
      "type": "aws_iam_role_policy_attachment",
      "name": "test-attach",
      "provider": "provider.aws",
      "instances": [
        {
          "schema_version": 0,
          "attributes": {
            "id": "test_role-20200809204357086300000001",
            "policy_arn": "arn:aws:iam::680232662269:policy/test_policy",
            "role": "test_role"
          },
          "private": "bnVsbA==",
          "dependencies": [
            "aws_iam_policy.policy",
            "aws_iam_role.test_role",
            "module.s3_bucket_for_utility.aws_s3_bucket.example"
          ]
        }
      ]
    },
    {
      "mode": "managed",
      "type": "aws_instance",
      "name": "example",
      "provider": "provider.aws",
      "instances": [
        {
          "schema_version": 1,
          "attributes": {
            "ami": "ami-09d95fab7fff3776c",
            "arn": "arn:aws:ec2:us-east-1:680232662269:instance/i-002098968f373b2a5",
            "associate_public_ip_address": true,
            "availability_zone": "us-east-1e",
            "cpu_core_count": 1,
            "cpu_threads_per_core": 1,
            "credit_specification": [
              {
                "cpu_credits": "standard"
              }
            ],
            "disable_api_termination": false,
            "ebs_block_device": [],
            "ebs_optimized": false,
            "ephemeral_block_device": [],
            "get_password_data": false,
            "hibernation": false,
            "host_id": null,
            "iam_instance_profile": "test_profile",
            "id": "i-002098968f373b2a5",
            "instance_initiated_shutdown_behavior": null,
            "instance_state": "running",
            "instance_type": "t2.micro",
            "ipv6_address_count": 0,
            "ipv6_addresses": [],
            "key_name": "new_account_key_pair",
            "metadata_options": [
              {
                "http_endpoint": "enabled",
                "http_put_response_hop_limit": 1,
                "http_tokens": "optional"
              }
            ],
            "monitoring": false,
            "network_interface": [],
            "outpost_arn": "",
            "password_data": "",
            "placement_group": "",
            "primary_network_interface_id": "eni-02f377e9f73bacf34",
            "private_dns": "ip-172-31-62-188.ec2.internal",
            "private_ip": "172.31.62.188",
            "public_dns": "ec2-34-224-3-92.compute-1.amazonaws.com",
            "public_ip": "34.224.3.92",
            "root_block_device": [
              {
                "delete_on_termination": true,
                "device_name": "/dev/xvda",
                "encrypted": false,
                "iops": 100,
                "kms_key_id": "",
                "volume_id": "vol-0142ca6b606cc23cf",
                "volume_size": 8,
                "volume_type": "gp2"
              }
            ],
            "secondary_private_ips": [],
            "security_groups": [
              "terraform-example-instance",
              "terraform-ssh-instance"
            ],
            "source_dest_check": true,
            "subnet_id": "subnet-01e1fdd14a3112cd4",
            "tags": {
              "Environment": "dev",
              "Name": "terraform-example"
            },
            "tenancy": "default",
            "timeouts": null,
            "user_data": "f1af11b4b6202c0deb39a13da794566ed16d56bb",
            "user_data_base64": null,
            "volume_tags": {},
            "vpc_security_group_ids": [
              "sg-04e92937bf6d3417c",
              "sg-0a57b994ed4c00ef0"
            ]
          },
          "private": "eyJlMmJmYjczMC1lY2FhLTExZTYtOGY4OC0zNDM2M2JjN2M0YzAiOnsiY3JlYXRlIjo2MDAwMDAwMDAwMDAsImRlbGV0ZSI6MTIwMDAwMDAwMDAwMCwidXBkYXRlIjo2MDAwMDAwMDAwMDB9LCJzY2hlbWFfdmVyc2lvbiI6IjEifQ==",
          "dependencies": [
            "aws_iam_instance_profile.test_profile",
            "aws_security_group.instance",
            "aws_security_group.ssh"
          ]
        }
      ]
    },
    {
      "module": "module.s3_bucket_for_utility-1",
      "mode": "managed",
      "type": "aws_s3_bucket",
      "name": "example",
      "provider": "provider.aws",
      "instances": [
        {
          "schema_version": 0,
          "attributes": {
            "acceleration_status": "",
            "acl": "private",
            "arn": "arn:aws:s3:::testing-bucket-artifact-1-680232662269-dev",
            "bucket": "testing-bucket-artifact-1-680232662269-dev",
            "bucket_domain_name": "testing-bucket-artifact-1-680232662269-dev.s3.amazonaws.com",
            "bucket_prefix": null,
            "bucket_regional_domain_name": "testing-bucket-artifact-1-680232662269-dev.s3.amazonaws.com",
            "cors_rule": [],
            "force_destroy": false,
            "grant": [],
            "hosted_zone_id": "Z3AQBSTGFYJSTF",
            "id": "testing-bucket-artifact-1-680232662269-dev",
            "lifecycle_rule": [],
            "logging": [],
            "object_lock_configuration": [],
            "policy": null,
            "region": "us-east-1",
            "replication_configuration": [],
            "request_payer": "BucketOwner",
            "server_side_encryption_configuration": [],
            "tags": {
              "Environment": "dev",
              "Name": "Utility-Bucket-1"
            },
            "versioning": [
              {
                "enabled": false,
                "mfa_delete": false
              }
            ],
            "website": [],
            "website_domain": null,
            "website_endpoint": null
          },
          "private": "bnVsbA=="
        }
      ]
    },
    {
      "module": "module.s3_bucket_for_utility-2",
      "mode": "managed",
      "type": "aws_s3_bucket",
      "name": "example",
      "provider": "provider.aws",
      "instances": [
        {
          "schema_version": 0,
          "attributes": {
            "acceleration_status": "",
            "acl": "private",
            "arn": "arn:aws:s3:::testing-bucket-artifact-2-680232662269-dev",
            "bucket": "testing-bucket-artifact-2-680232662269-dev",
            "bucket_domain_name": "testing-bucket-artifact-2-680232662269-dev.s3.amazonaws.com",
            "bucket_prefix": null,
            "bucket_regional_domain_name": "testing-bucket-artifact-2-680232662269-dev.s3.amazonaws.com",
            "cors_rule": [],
            "force_destroy": false,
            "grant": [],
            "hosted_zone_id": "Z3AQBSTGFYJSTF",
            "id": "testing-bucket-artifact-2-680232662269-dev",
            "lifecycle_rule": [],
            "logging": [],
            "object_lock_configuration": [],
            "policy": null,
            "region": "us-east-1",
            "replication_configuration": [],
            "request_payer": "BucketOwner",
            "server_side_encryption_configuration": [],
            "tags": {
              "Environment": "dev",
              "Name": "Utility-Bucket-2"
            },
            "versioning": [
              {
                "enabled": false,
                "mfa_delete": false
              }
            ],
            "website": [],
            "website_domain": null,
            "website_endpoint": null
          },
          "private": "bnVsbA=="
        }
      ]
    },
    {
      "module": "module.s3_bucket_for_utility",
      "mode": "managed",
      "type": "aws_s3_bucket",
      "name": "example",
      "provider": "provider.aws",
      "instances": [
        {
          "schema_version": 0,
          "attributes": {
            "acceleration_status": "",
            "acl": "private",
            "arn": "arn:aws:s3:::testing-bucket-artifact-680232662269-dev",
            "bucket": "testing-bucket-artifact-680232662269-dev",
            "bucket_domain_name": "testing-bucket-artifact-680232662269-dev.s3.amazonaws.com",
            "bucket_prefix": null,
            "bucket_regional_domain_name": "testing-bucket-artifact-680232662269-dev.s3.amazonaws.com",
            "cors_rule": [],
            "force_destroy": false,
            "grant": [],
            "hosted_zone_id": "Z3AQBSTGFYJSTF",
            "id": "testing-bucket-artifact-680232662269-dev",
            "lifecycle_rule": [],
            "logging": [],
            "object_lock_configuration": [],
            "policy": null,
            "region": "us-east-1",
            "replication_configuration": [],
            "request_payer": "BucketOwner",
            "server_side_encryption_configuration": [],
            "tags": {
              "Environment": "dev",
              "Name": "Utility-Bucket"
            },
            "versioning": [
              {
                "enabled": false,
                "mfa_delete": false
              }
            ],
            "website": [],
            "website_domain": null,
            "website_endpoint": null
          },
          "private": "bnVsbA=="
        }
      ]
    },
    {
      "mode": "managed",
      "type": "aws_security_group",
      "name": "instance",
      "provider": "provider.aws",
      "instances": [
        {
          "schema_version": 1,
          "attributes": {
            "arn": "arn:aws:ec2:us-east-1:680232662269:security-group/sg-0a57b994ed4c00ef0",
            "description": "Managed by Terraform",
            "egress": [
              {
                "cidr_blocks": [
                  "0.0.0.0/0"
                ],
                "description": "",
                "from_port": 0,
                "ipv6_cidr_blocks": [],
                "prefix_list_ids": [],
                "protocol": "-1",
                "security_groups": [],
                "self": false,
                "to_port": 0
              }
            ],
            "id": "sg-0a57b994ed4c00ef0",
            "ingress": [
              {
                "cidr_blocks": [
                  "0.0.0.0/0"
                ],
                "description": "",
                "from_port": 80,
                "ipv6_cidr_blocks": [],
                "prefix_list_ids": [],
                "protocol": "tcp",
                "security_groups": [],
                "self": false,
                "to_port": 80
              }
            ],
            "name": "terraform-example-instance",
            "name_prefix": "",
            "owner_id": "680232662269",
            "revoke_rules_on_delete": false,
            "tags": {},
            "timeouts": null,
            "vpc_id": "vpc-0f50b74121a9079f9"
          },
          "private": "eyJlMmJmYjczMC1lY2FhLTExZTYtOGY4OC0zNDM2M2JjN2M0YzAiOnsiY3JlYXRlIjo2MDAwMDAwMDAwMDAsImRlbGV0ZSI6NjAwMDAwMDAwMDAwfSwic2NoZW1hX3ZlcnNpb24iOiIxIn0="
        }
      ]
    },
    {
      "mode": "managed",
      "type": "aws_security_group",
      "name": "ssh",
      "provider": "provider.aws",
      "instances": [
        {
          "schema_version": 1,
          "attributes": {
            "arn": "arn:aws:ec2:us-east-1:680232662269:security-group/sg-04e92937bf6d3417c",
            "description": "Managed by Terraform",
            "egress": [
              {
                "cidr_blocks": [
                  "0.0.0.0/0"
                ],
                "description": "",
                "from_port": 0,
                "ipv6_cidr_blocks": [],
                "prefix_list_ids": [],
                "protocol": "-1",
                "security_groups": [],
                "self": false,
                "to_port": 0
              }
            ],
            "id": "sg-04e92937bf6d3417c",
            "ingress": [
              {
                "cidr_blocks": [
                  "0.0.0.0/0"
                ],
                "description": "",
                "from_port": 22,
                "ipv6_cidr_blocks": [],
                "prefix_list_ids": [],
                "protocol": "tcp",
                "security_groups": [],
                "self": false,
                "to_port": 22
              }
            ],
            "name": "terraform-ssh-instance",
            "name_prefix": "",
            "owner_id": "680232662269",
            "revoke_rules_on_delete": false,
            "tags": {},
            "timeouts": null,
            "vpc_id": "vpc-0f50b74121a9079f9"
          },
          "private": "eyJlMmJmYjczMC1lY2FhLTExZTYtOGY4OC0zNDM2M2JjN2M0YzAiOnsiY3JlYXRlIjo2MDAwMDAwMDAwMDAsImRlbGV0ZSI6NjAwMDAwMDAwMDAwfSwic2NoZW1hX3ZlcnNpb24iOiIxIn0="
        }
      ]
    }
  ]
}
